
Microsoft Visual Studio Solution File, Format Version 12.00
# Visual Studio Version 17
VisualStudioVersion = 17.10.35122.118
MinimumVisualStudioVersion = 10.0.40219.1
Project("{FAE04EC0-301F-11D3-BF4B-00C04F79EFBC}") = "MiniETicaret.Orders.WebAPI", "MiniETicaret.Orders.WebAPI.csproj", "{76302865-C455-4C98-94E2-39745D229843}"
EndProject
Global
	GlobalSection(SolutionConfigurationPlatforms) = preSolution
		Debug|Any CPU = Debug|Any CPU
		Release|Any CPU = Release|Any CPU
	EndGlobalSection
	GlobalSection(ProjectConfigurationPlatforms) = postSolution
		{76302865-C455-4C98-94E2-39745D229843}.Debug|Any CPU.ActiveCfg = Debug|Any CPU
		{76302865-C455-4C98-94E2-39745D229843}.Debug|Any CPU.Build.0 = Debug|Any CPU
		{76302865-C455-4C98-94E2-39745D229843}.Release|Any CPU.ActiveCfg = Release|Any CPU
		{76302865-C455-4C98-94E2-39745D229843}.Release|Any CPU.Build.0 = Release|Any CPU
	EndGlobalSection
	GlobalSection(SolutionProperties) = preSolution
		HideSolutionNode = FALSE
	EndGlobalSection
	GlobalSection(ExtensibilityGlobals) = postSolution
		SolutionGuid = {112B189F-8F8A-4790-84AB-464D7FA7E152}
	EndGlobalSection
EndGlobal
